
Microsoft Visual Studio Solution File, Format Version 12.00
# Visual Studio 15
VisualStudioVersion = 15.0.28307.852
MinimumVisualStudioVersion = 10.0.40219.1
Project("{FAE04EC0-301F-11D3-BF4B-00C04F79EFBC}") = "GameBasic", "GameBasic\GameBasic.csproj", "{AB80A93C-D058-44D0-AF37-12873F73D7EA}"
EndProject
Global
	GlobalSection(SolutionConfigurationPlatforms) = preSolution
		Debug|Any CPU = Debug|Any CPU
		Release|Any CPU = Release|Any CPU
	EndGlobalSection
	GlobalSection(ProjectConfigurationPlatforms) = postSolution
		{AB80A93C-D058-44D0-AF37-12873F73D7EA}.Debug|Any CPU.ActiveCfg = Debug|Any CPU
		{AB80A93C-D058-44D0-AF37-12873F73D7EA}.Debug|Any CPU.Build.0 = Debug|Any CPU
		{AB80A93C-D058-44D0-AF37-12873F73D7EA}.Release|Any CPU.ActiveCfg = Release|Any CPU
		{AB80A93C-D058-44D0-AF37-12873F73D7EA}.Release|Any CPU.Build.0 = Release|Any CPU
	EndGlobalSection
	GlobalSection(SolutionProperties) = preSolution
		HideSolutionNode = FALSE
	EndGlobalSection
	GlobalSection(ExtensibilityGlobals) = postSolution
		SolutionGuid = {D0C1AF27-1166-4E5B-9D3C-89377C060E80}
	EndGlobalSection
EndGlobal
